// !$*UTF8*$!
{
	archiveVersion = 1;
	classes = {
	};
	objectVersion = 77;
	objects = {

/* Begin PBXContainerItemProxy section */
		18BD3FCF2F87C372002B238A /* PBXContainerItemProxy */ = {
			isa = PBXContainerItemProxy;
			containerPortal = 18BD3FB02F87C36F002B238A /* Project object */;
			proxyType = 1;
			remoteGlobalIDString = 18BD3FB72F87C36F002B238A;
			remoteInfo = FutTrack;
		};
		18BD3FD92F87C372002B238A /* PBXContainerItemProxy */ = {
			isa = PBXContainerItemProxy;
			containerPortal = 18BD3FB02F87C36F002B238A /* Project object */;
			proxyType = 1;
			remoteGlobalIDString = 18BD3FB72F87C36F002B238A;
			remoteInfo = FutTrack;
		};
/* End PBXContainerItemProxy section */

/* Begin PBXFileReference section */
		18BD3FB82F87C36F002B238A /* FutTrack.app */ = {isa = PBXFileReference; explicitFileType = wrapper.application; includeInIndex = 0; path = FutTrack.app; sourceTree = BUILT_PRODUCTS_DIR; };
		18BD3FCE2F87C372002B238A /* FutTrackTests.xctest */ = {isa = PBXFileReference; explicitFileType = wrapper.cfbundle; includeInIndex = 0; path = FutTrackTests.xctest; sourceTree = BUILT_PRODUCTS_DIR; };
		18BD3FD82F87C372002B238A /* FutTrackUITests.xctest */ = {isa = PBXFileReference; explicitFileType = wrapper.cfbundle; includeInIndex = 0; path = FutTrackUITests.xctest; sourceTree = BUILT_PRODUCTS_DIR; };
/* End PBXFileReference section */

/* Begin PBXFileSystemSynchronizedBuildFileExceptionSet section */
		18BD3FE02F87C372002B238A /* Exceptions for "FutTrack" folder in "FutTrack" target */ = {
			isa = PBXFileSystemSynchronizedBuildFileExceptionSet;
			membershipExceptions = (
				Info.plist,
			);
			target = 18BD3FB72F87C36F002B238A /* FutTrack */;
		};
/* End PBXFileSystemSynchronizedBuildFileExceptionSet section */

/* Begin PBXFileSystemSynchronizedRootGroup section */
		18BD3FBA2F87C36F002B238A /* FutTrack */ = {
			isa = PBXFileSystemSynchronizedRootGroup;
			exceptions = (
				18BD3FE02F87C372002B238A /* Exceptions for "FutTrack" folder in "FutTrack" target */,
			);
			path = FutTrack;
			sourceTree = "<group>";
		};
		18BD3FD12F87C372002B238A /* FutTrackTests */ = {
			isa = PBXFileSystemSynchronizedRootGroup;
			path = FutTrackTests;
			sourceTree = "<group>";
		};
		18BD3FDB2F87C372002B238A /* FutTrackUITests */ = {
			isa = PBXFileSystemSynchronizedRootGroup;
			path = FutTrackUITests;
			sourceTree = "<group>";
		};
/* End PBXFileSystemSynchronizedRootGroup section */

/* Begin PBXFrameworksBuildPhase section */
		18BD3FB52F87C36F002B238A /* Frameworks */ = {
			isa = PBXFrameworksBuildPhase;
			buildActionMask = 2147483647;
			files = (
			);
			runOnlyForDeploymentPostprocessing = 0;
		};
		18BD3FCB2F87C372002B238A /* Frameworks */ = {
			isa = PBXFrameworksBuildPhase;
			buildActionMask = 2147483647;
			files = (
			);
			runOnlyForDeploymentPostprocessing = 0;
		};
		18BD3FD52F87C372002B238A /* Frameworks */ = {
			isa = PBXFrameworksBuildPhase;
			buildActionMask = 2147483647;
			files = (
			);
			runOnlyForDeploymentPostprocessing = 0;
		};
/* End PBXFrameworksBuildPhase section */

/* Begin PBXGroup section */
		18BD3FAF2F87C36F002B238A = {
			isa = PBXGroup;
			children = (
				18BD3FBA2F87C36F002B238A /* FutTrack */,
				18BD3FD12F87C372002B238A /* FutTrackTests */,
				18BD3FDB2F87C372002B238A /* FutTrackUITests */,
				18BD3FB92F87C36F002B238A /* Products */,
			);
			sourceTree = "<group>";
		};
		18BD3FB92F87C36F002B238A /* Products */ = {
			isa = PBXGroup;
			children = (
				18BD3FB82F87C36F002B238A /* FutTrack.app */,
				18BD3FCE2F87C372002B238A /* FutTrackTests.xctest */,
				18BD3FD82F87C372002B238A /* FutTrackUITests.xctest */,
			);
			name = Products;
			sourceTree = "<group>";
		};
/* End PBXGroup section */

/* Begin PBXNativeTarget section */
		18BD3FB72F87C36F002B238A /* FutTrack */ = {
			isa = PBXNativeTarget;
			buildConfigurationList = 18BD3FE12F87C372002B238A /* Build configuration list for PBXNativeTarget "FutTrack" */;
			buildPhases = (
				182D871C2F94F2690031D73B /* Swiftlint */,
				18BD3FB42F87C36F002B238A /* Sources */,
				18BD3FB52F87C36F002B238A /* Frameworks */,
				18BD3FB62F87C36F002B238A /* Resources */,
			);
			buildRules = (
			);
			dependencies = (
			);
			fileSystemSynchronizedGroups = (
				18BD3FBA2F87C36F002B238A /* FutTrack */,
			);
			name = FutTrack;
			packageProductDependencies = (
			);
			productName = FutTrack;
			productReference = 18BD3FB82F87C36F002B238A /* FutTrack.app */;
			productType = "com.apple.product-type.application";
		};
		18BD3FCD2F87C372002B238A /* FutTrackTests */ = {
			isa = PBXNativeTarget;
			buildConfigurationList = 18BD3FE62F87C372002B238A /* Build configuration list for PBXNativeTarget "FutTrackTests" */;
			buildPhases = (
				18BD3FCA2F87C372002B238A /* Sources */,
				18BD3FCB2F87C372002B238A /* Frameworks */,
				18BD3FCC2F87C372002B238A /* Resources */,
			);
			buildRules = (
			);
			dependencies = (
				18BD3FD02F87C372002B238A /* PBXTargetDependency */,
			);
			fileSystemSynchronizedGroups = (
				18BD3FD12F87C372002B238A /* FutTrackTests */,
			);
			name = FutTrackTests;
			packageProductDependencies = (
			);
			productName = FutTrackTests;
			productReference = 18BD3FCE2F87C372002B238A /* FutTrackTests.xctest */;
			productType = "com.apple.product-type.bundle.unit-test";
		};
		18BD3FD72F87C372002B238A /* FutTrackUITests */ = {
			isa = PBXNativeTarget;
			buildConfigurationList = 18BD3FE92F87C372002B238A /* Build configuration list for PBXNativeTarget "FutTrackUITests" */;
			buildPhases = (
				18BD3FD42F87C372002B238A /* Sources */,
				18BD3FD52F87C372002B238A /* Frameworks */,
				18BD3FD62F87C372002B238A /* Resources */,
			);
			buildRules = (
			);
			dependencies = (
				18BD3FDA2F87C372002B238A /* PBXTargetDependency */,
			);
			fileSystemSynchronizedGroups = (
				18BD3FDB2F87C372002B238A /* FutTrackUITests */,
			);
			name = FutTrackUITests;
			packageProductDependencies = (
			);
			productName = FutTrackUITests;
			productReference = 18BD3FD82F87C372002B238A /* FutTrackUITests.xctest */;
			productType = "com.apple.product-type.bundle.ui-testing";
		};
/* End PBXNativeTarget section */

/* Begin PBXProject section */
		18BD3FB02F87C36F002B238A /* Project object */ = {
			isa = PBXProject;
			attributes = {
				BuildIndependentTargetsInParallel = 1;
				LastSwiftUpdateCheck = 2640;
				LastUpgradeCheck = 2640;
				TargetAttributes = {
					18BD3FB72F87C36F002B238A = {
						CreatedOnToolsVersion = 26.4;
					};
					18BD3FCD2F87C372002B238A = {
						CreatedOnToolsVersion = 26.4;
						TestTargetID = 18BD3FB72F87C36F002B238A;
					};
					18BD3FD72F87C372002B238A = {
						CreatedOnToolsVersion = 26.4;
						TestTargetID = 18BD3FB72F87C36F002B238A;
					};
				};
			};
			buildConfigurationList = 18BD3FB32F87C36F002B238A /* Build configuration list for PBXProject "FutTrack" */;
			developmentRegion = en;
			hasScannedForEncodings = 0;
			knownRegions = (
				en,
				Base,
			);
			mainGroup = 18BD3FAF2F87C36F002B238A;
			minimizedProjectReferenceProxies = 1;
			preferredProjectObjectVersion = 77;
			productRefGroup = 18BD3FB92F87C36F002B238A /* Products */;
			projectDirPath = "";
			projectRoot = "";
			targets = (
				18BD3FB72F87C36F002B238A /* FutTrack */,
				18BD3FCD2F87C372002B238A /* FutTrackTests */,
				18BD3FD72F87C372002B238A /* FutTrackUITests */,
			);
		};
/* End PBXProject section */

/* Begin PBXResourcesBuildPhase section */
		18BD3FB62F87C36F002B238A /* Resources */ = {
			isa = PBXResourcesBuildPhase;
			buildActionMask = 2147483647;
			files = (
			);
			runOnlyForDeploymentPostprocessing = 0;
		};
		18BD3FCC2F87C372002B238A /* Resources */ = {
			isa = PBXResourcesBuildPhase;
			buildActionMask = 2147483647;
			files = (
			);
			runOnlyForDeploymentPostprocessing = 0;
		};
		18BD3FD62F87C372002B238A /* Resources */ = {
			isa = PBXResourcesBuildPhase;
			buildActionMask = 2147483647;
			files = (
			);
			runOnlyForDeploymentPostprocessing = 0;
		};
/* End PBXResourcesBuildPhase section */

/* Begin PBXShellScriptBuildPhase section */
		182D871C2F94F2690031D73B /* Swiftlint */ = {
			isa = PBXShellScriptBuildPhase;
			alwaysOutOfDate = 1;
			buildActionMask = 2147483647;
			files = (
			);
			inputFileListPaths = (
			);
			inputPaths = (
			);
			name = Swiftlint;
			outputFileListPaths = (
			);
			outputPaths = (
			);
			runOnlyForDeploymentPostprocessing = 0;
			shellPath = /bin/sh;
			shellScript = "if which swiftlint > /dev/null; then\n    swiftlint --quiet || true\nelse\n    echo \"warning: SwiftLint not installed, run 'brew install swiftlint'\"\nfi\n";
		};
/* End PBXShellScriptBuildPhase section */

/* Begin PBXSourcesBuildPhase section */
		18BD3FB42F87C36F002B238A /* Sources */ = {
			isa = PBXSourcesBuildPhase;
			buildActionMask = 2147483647;
			files = (
			);
			runOnlyForDeploymentPostprocessing = 0;
		};
		18BD3FCA2F87C372002B238A /* Sources */ = {
			isa = PBXSourcesBuildPhase;
			buildActionMask = 2147483647;
			files = (
			);
			runOnlyForDeploymentPostprocessing = 0;
		};
		18BD3FD42F87C372002B238A /* Sources */ = {
			isa = PBXSourcesBuildPhase;
			buildActionMask = 2147483647;
			files = (
			);
			runOnlyForDeploymentPostprocessing = 0;
		};
/* End PBXSourcesBuildPhase section */

/* Begin PBXTargetDependency section */
		18BD3FD02F87C372002B238A /* PBXTargetDependency */ = {
			isa = PBXTargetDependency;
			target = 18BD3FB72F87C36F002B238A /* FutTrack */;
			targetProxy = 18BD3FCF2F87C372002B238A /* PBXContainerItemProxy */;
		};
		18BD3FDA2F87C372002B238A /* PBXTargetDependency */ = {
			isa = PBXTargetDependency;
			target = 18BD3FB72F87C36F002B238A /* FutTrack */;
			targetProxy = 18BD3FD92F87C372002B238A /* PBXContainerItemProxy */;
		};
/* End PBXTargetDependency section */

/* Begin XCBuildConfiguration section */
		18BD3FE22F87C372002B238A /* Debug */ = {
			isa = XCBuildConfiguration;
			buildSettings = {
				ASSETCATALOG_COMPILER_APPICON_NAME = AppIcon;
				ASSETCATALOG_COMPILER_GLOBAL_ACCENT_COLOR_NAME = AccentColor;
				CODE_SIGN_STYLE = Automatic;
				CURRENT_PROJECT_VERSION = 1;
				DEVELOPMENT_TEAM = 8MF89G73K4;
				GENERATE_INFOPLIST_FILE = YES;
				INFOPLIST_FILE = FutTrack/Info.plist;
				INFOPLIST_KEY_UIApplicationSupportsIndirectInputEvents = YES;
				INFOPLIST_KEY_UILaunchStoryboardName = LaunchScreen;
				INFOPLIST_KEY_UIMainStoryboardFile = Main;
				INFOPLIST_KEY_UISupportedInterfaceOrientations_iPad = "UIInterfaceOrientationPortrait UIInterfaceOrientationPortraitUpsideDown UIInterfaceOrientationLandscapeLeft UIInterfaceOrientationLandscapeRight";
				INFOPLIST_KEY_UISupportedInterfaceOrientations_iPhone = "UIInterfaceOrientationPortrait UIInterfaceOrientationLandscapeLeft UIInterfaceOrientationLandscapeRight";
				IPHONEOS_DEPLOYMENT_TARGET = 15.6;
				LD_RUNPATH_SEARCH_PATHS = (
					"$(inherited)",
					"@executable_path/Frameworks",
				);
				MARKETING_VERSION = 1.0;
				PRODUCT_BUNDLE_IDENTIFIER = com.misterfrogapps.FutTrack;
				PRODUCT_NAME = "$(TARGET_NAME)";
				STRING_CATALOG_GENERATE_SYMBOLS = YES;
				SWIFT_APPROACHABLE_CONCURRENCY = YES;
				SWIFT_DEFAULT_ACTOR_ISOLATION = MainActor;
				SWIFT_EMIT_LOC_STRINGS = YES;
				SWIFT_UPCOMING_FEATURE_MEMBER_IMPORT_VISIBILITY = YES;
				SWIFT_VERSION = 5.0;
				TARGETED_DEVICE_FAMILY = "1,2";
			};
			name = Debug;
		};
		18BD3FE32F87C372002B238A /* Release */ = {
			isa = XCBuildConfiguration;
			buildSettings = {
				ASSETCATALOG_COMPILER_APPICON_NAME = AppIcon;
				ASSETCATALOG_COMPILER_GLOBAL_ACCENT_COLOR_NAME = AccentColor;
				CODE_SIGN_STYLE = Automatic;
				CURRENT_PROJECT_VERSION = 1;
				DEVELOPMENT_TEAM = 8MF89G73K4;
				GENERATE_INFOPLIST_FILE = YES;
				INFOPLIST_FILE = FutTrack/Info.plist;
				INFOPLIST_KEY_UIApplicationSupportsIndirectInputEvents = YES;
				INFOPLIST_KEY_UILaunchStoryboardName = LaunchScreen;
				INFOPLIST_KEY_UIMainStoryboardFile = Main;
				INFOPLIST_KEY_UISupportedInterfaceOrientations_iPad = "UIInterfaceOrientationPortrait UIInterfaceOrientationPortraitUpsideDown UIInterfaceOrientationLandscapeLeft UIInterfaceOrientationLandscapeRight";
				INFOPLIST_KEY_UISupportedInterfaceOrientations_iPhone = "UIInterfaceOrientationPortrait UIInterfaceOrientationLandscapeLeft UIInterfaceOrientationLandscapeRight";
				IPHONEOS_DEPLOYMENT_TARGET = 15.6;
				LD_RUNPATH_SEARCH_PATHS = (
					"$(inherited)",
					"@executable_path/Frameworks",
				);
				MARKETING_VERSION = 1.0;
				PRODUCT_BUNDLE_IDENTIFIER = com.misterfrogapps.FutTrack;
				PRODUCT_NAME = "$(TARGET_NAME)";
				STRING_CATALOG_GENERATE_SYMBOLS = YES;
				SWIFT_APPROACHABLE_CONCURRENCY = YES;
				SWIFT_DEFAULT_ACTOR_ISOLATION = MainActor;
				SWIFT_EMIT_LOC_STRINGS = YES;
				SWIFT_UPCOMING_FEATURE_MEMBER_IMPORT_VISIBILITY = YES;
				SWIFT_VERSION = 5.0;
				TARGETED_DEVICE_FAMILY = "1,2";
			};
			name = Release;
		};
		18BD3FE42F87C372002B238A /* Debug */ = {
			isa = XCBuildConfiguration;
			buildSettings = {
				ALWAYS_SEARCH_USER_PATHS = NO;
				ASSETCATALOG_COMPILER_GENERATE_SWIFT_ASSET_SYMBOL_EXTENSIONS = YES;
				CLANG_ANALYZER_NONNULL = YES;
				CLANG_ANALYZER_NUMBER_OBJECT_CONVERSION = YES_AGGRESSIVE;
				CLANG_CXX_LANGUAGE_STANDARD = "gnu++20";
				CLANG_ENABLE_MODULES = YES;
				CLANG_ENABLE_OBJC_ARC = YES;
				CLANG_ENABLE_OBJC_WEAK = YES;
				CLANG_WARN_BLOCK_CAPTURE_AUTORELEASING = YES;
				CLANG_WARN_BOOL_CONVERSION = YES;
				CLANG_WARN_COMMA = YES;
				CLANG_WARN_CONSTANT_CONVERSION = YES;
				CLANG_WARN_DEPRECATED_OBJC_IMPLEMENTATIONS = YES;
				CLANG_WARN_DIRECT_OBJC_ISA_USAGE = YES_ERROR;
				CLANG_WARN_DOCUMENTATION_COMMENTS = YES;
				CLANG_WARN_EMPTY_BODY = YES;
				CLANG_WARN_ENUM_CONVERSION = YES;
				CLANG_WARN_INFINITE_RECURSION = YES;
				CLANG_WARN_INT_CONVERSION = YES;
				CLANG_WARN_NON_LITERAL_NULL_CONVERSION = YES;
				CLANG_WARN_OBJC_IMPLICIT_RETAIN_SELF = YES;
				CLANG_WARN_OBJC_LITERAL_CONVERSION = YES;
				CLANG_WARN_OBJC_ROOT_CLASS = YES_ERROR;
				CLANG_WARN_QUOTED_INCLUDE_IN_FRAMEWORK_HEADER = YES;
				CLANG_WARN_RANGE_LOOP_ANALYSIS = YES;
				CLANG_WARN_STRICT_PROTOTYPES = YES;
				CLANG_WARN_SUSPICIOUS_MOVE = YES;
				CLANG_WARN_UNGUARDED_AVAILABILITY = YES_AGGRESSIVE;
				CLANG_WARN_UNREACHABLE_CODE = YES;
				CLANG_WARN__DUPLICATE_METHOD_MATCH = YES;
				COPY_PHASE_STRIP = NO;
				DEBUG_INFORMATION_FORMAT = dwarf;
				DEVELOPMENT_TEAM = 8MF89G73K4;
				ENABLE_STRICT_OBJC_MSGSEND = YES;
				ENABLE_TESTABILITY = YES;
				ENABLE_USER_SCRIPT_SANDBOXING = YES;
				GCC_C_LANGUAGE_STANDARD = gnu17;
				GCC_DYNAMIC_NO_PIC = NO;
				GCC_NO_COMMON_BLOCKS = YES;
				GCC_OPTIMIZATION_LEVEL = 0;
				GCC_PREPROCESSOR_DEFINITIONS = (
					"DEBUG=1",
					"$(inherited)",
				);
				GCC_WARN_64_TO_32_BIT_CONVERSION = YES;
				GCC_WARN_ABOUT_RETURN_TYPE = YES_ERROR;
				GCC_WARN_UNDECLARED_SELECTOR = YES;
				GCC_WARN_UNINITIALIZED_AUTOS = YES_AGGRESSIVE;
				GCC_WARN_UNUSED_FUNCTION = YES;
				GCC_WARN_UNUSED_VARIABLE = YES;
				IPHONEOS_DEPLOYMENT_TARGET = 26.4;
				LOCALIZATION_PREFERS_STRING_CATALOGS = YES;
				MTL_ENABLE_DEBUG_INFO = INCLUDE_SOURCE;
				MTL_FAST_MATH = YES;
				ONLY_ACTIVE_ARCH = YES;
				SDKROOT = iphoneos;
				SWIFT_ACTIVE_COMPILATION_CONDITIONS = "DEBUG $(inherited)";
				SWIFT_OPTIMIZATION_LEVEL = "-Onone";
			};
			name = Debug;
		};
		18BD3FE52F87C372002B238A /* Release */ = {
			isa = XCBuildConfiguration;
			buildSettings = {
				ALWAYS_SEARCH_USER_PATHS = NO;
				ASSETCATALOG_COMPILER_GENERATE_SWIFT_ASSET_SYMBOL_EXTENSIONS = YES;
				CLANG_ANALYZER_NONNULL = YES;
				CLANG_ANALYZER_NUMBER_OBJECT_CONVERSION = YES_AGGRESSIVE;
				CLANG_CXX_LANGUAGE_STANDARD = "gnu++20";
				CLANG_ENABLE_MODULES = YES;
				CLANG_ENABLE_OBJC_ARC = YES;
				CLANG_ENABLE_OBJC_WEAK = YES;
				CLANG_WARN_BLOCK_CAPTURE_AUTORELEASING = YES;
				CLANG_WARN_BOOL_CONVERSION = YES;
				CLANG_WARN_COMMA = YES;
				CLANG_WARN_CONSTANT_CONVERSION = YES;
				CLANG_WARN_DEPRECATED_OBJC_IMPLEMENTATIONS = YES;
				CLANG_WARN_DIRECT_OBJC_ISA_USAGE = YES_ERROR;
				CLANG_WARN_DOCUMENTATION_COMMENTS = YES;
				CLANG_WARN_EMPTY_BODY = YES;
				CLANG_WARN_ENUM_CONVERSION = YES;
				CLANG_WARN_INFINITE_RECURSION = YES;
				CLANG_WARN_INT_CONVERSION = YES;
				CLANG_WARN_NON_LITERAL_NULL_CONVERSION = YES;
				CLANG_WARN_OBJC_IMPLICIT_RETAIN_SELF = YES;
				CLANG_WARN_OBJC_LITERAL_CONVERSION = YES;
				CLANG_WARN_OBJC_ROOT_CLASS = YES_ERROR;
				CLANG_WARN_QUOTED_INCLUDE_IN_FRAMEWORK_HEADER = YES;
				CLANG_WARN_RANGE_LOOP_ANALYSIS = YES;
				CLANG_WARN_STRICT_PROTOTYPES = YES;
				CLANG_WARN_SUSPICIOUS_MOVE = YES;
				CLANG_WARN_UNGUARDED_AVAILABILITY = YES_AGGRESSIVE;
				CLANG_WARN_UNREACHABLE_CODE = YES;
				CLANG_WARN__DUPLICATE_METHOD_MATCH = YES;
				COPY_PHASE_STRIP = NO;
				DEBUG_INFORMATION_FORMAT = "dwarf-with-dsym";
				DEVELOPMENT_TEAM = 8MF89G73K4;
				ENABLE_NS_ASSERTIONS = NO;
				ENABLE_STRICT_OBJC_MSGSEND = YES;
				ENABLE_USER_SCRIPT_SANDBOXING = YES;
				GCC_C_LANGUAGE_STANDARD = gnu17;
				GCC_NO_COMMON_BLOCKS = YES;
				GCC_WARN_64_TO_32_BIT_CONVERSION = YES;
				GCC_WARN_ABOUT_RETURN_TYPE = YES_ERROR;
				GCC_WARN_UNDECLARED_SELECTOR = YES;
				GCC_WARN_UNINITIALIZED_AUTOS = YES_AGGRESSIVE;
				GCC_WARN_UNUSED_FUNCTION = YES;
				GCC_WARN_UNUSED_VARIABLE = YES;
				IPHONEOS_DEPLOYMENT_TARGET = 26.4;
				LOCALIZATION_PREFERS_STRING_CATALOGS = YES;
				MTL_ENABLE_DEBUG_INFO = NO;
				MTL_FAST_MATH = YES;
				SDKROOT = iphoneos;
				SWIFT_COMPILATION_MODE = wholemodule;
				VALIDATE_PRODUCT = YES;
			};
			name = Release;
		};
		18BD3FE72F87C372002B238A /* Debug */ = {
			isa = XCBuildConfiguration;
			buildSettings = {
				BUNDLE_LOADER = "$(TEST_HOST)";
				CODE_SIGN_STYLE = Automatic;
				CURRENT_PROJECT_VERSION = 1;
				DEVELOPMENT_TEAM = 8MF89G73K4;
				GENERATE_INFOPLIST_FILE = YES;
				IPHONEOS_DEPLOYMENT_TARGET = 15.6;
				MARKETING_VERSION = 1.0;
				PRODUCT_BUNDLE_IDENTIFIER = com.misterfrogapps.FutTrackTests;
				PRODUCT_NAME = "$(TARGET_NAME)";
				STRING_CATALOG_GENERATE_SYMBOLS = NO;
				SWIFT_APPROACHABLE_CONCURRENCY = YES;
				SWIFT_EMIT_LOC_STRINGS = NO;
				SWIFT_UPCOMING_FEATURE_MEMBER_IMPORT_VISIBILITY = YES;
				SWIFT_VERSION = 5.0;
				TARGETED_DEVICE_FAMILY = "1,2";
				TEST_HOST = "$(BUILT_PRODUCTS_DIR)/FutTrack.app/$(BUNDLE_EXECUTABLE_FOLDER_PATH)/FutTrack";
			};
			name = Debug;
		};
		18BD3FE82F87C372002B238A /* Release */ = {
			isa = XCBuildConfiguration;
			buildSettings = {
				BUNDLE_LOADER = "$(TEST_HOST)";
				CODE_SIGN_STYLE = Automatic;
				CURRENT_PROJECT_VERSION = 1;
				DEVELOPMENT_TEAM = 8MF89G73K4;
				GENERATE_INFOPLIST_FILE = YES;
				IPHONEOS_DEPLOYMENT_TARGET = 15.6;
				MARKETING_VERSION = 1.0;
				PRODUCT_BUNDLE_IDENTIFIER = com.misterfrogapps.FutTrackTests;
				PRODUCT_NAME = "$(TARGET_NAME)";
				STRING_CATALOG_GENERATE_SYMBOLS = NO;
				SWIFT_APPROACHABLE_CONCURRENCY = YES;
				SWIFT_EMIT_LOC_STRINGS = NO;
				SWIFT_UPCOMING_FEATURE_MEMBER_IMPORT_VISIBILITY = YES;
				SWIFT_VERSION = 5.0;
				TARGETED_DEVICE_FAMILY = "1,2";
				TEST_HOST = "$(BUILT_PRODUCTS_DIR)/FutTrack.app/$(BUNDLE_EXECUTABLE_FOLDER_PATH)/FutTrack";
			};
			name = Release;
		};
		18BD3FEA2F87C372002B238A /* Debug */ = {
			isa = XCBuildConfiguration;
			buildSettings = {
				CODE_SIGN_STYLE = Automatic;
				CURRENT_PROJECT_VERSION = 1;
				DEVELOPMENT_TEAM = 8MF89G73K4;
				GENERATE_INFOPLIST_FILE = YES;
				IPHONEOS_DEPLOYMENT_TARGET = 15.6;
				MARKETING_VERSION = 1.0;
				PRODUCT_BUNDLE_IDENTIFIER = com.misterfrogapps.FutTrackUITests;
				PRODUCT_NAME = "$(TARGET_NAME)";
				STRING_CATALOG_GENERATE_SYMBOLS = NO;
				SWIFT_APPROACHABLE_CONCURRENCY = YES;
				SWIFT_EMIT_LOC_STRINGS = NO;
				SWIFT_UPCOMING_FEATURE_MEMBER_IMPORT_VISIBILITY = YES;
				SWIFT_VERSION = 5.0;
				TARGETED_DEVICE_FAMILY = "1,2";
				TEST_TARGET_NAME = FutTrack;
			};
			name = Debug;
		};
		18BD3FEB2F87C372002B238A /* Release */ = {
			isa = XCBuildConfiguration;
			buildSettings = {
				CODE_SIGN_STYLE = Automatic;
				CURRENT_PROJECT_VERSION = 1;
				DEVELOPMENT_TEAM = 8MF89G73K4;
				GENERATE_INFOPLIST_FILE = YES;
				IPHONEOS_DEPLOYMENT_TARGET = 15.6;
				MARKETING_VERSION = 1.0;
				PRODUCT_BUNDLE_IDENTIFIER = com.misterfrogapps.FutTrackUITests;
				PRODUCT_NAME = "$(TARGET_NAME)";
				STRING_CATALOG_GENERATE_SYMBOLS = NO;
				SWIFT_APPROACHABLE_CONCURRENCY = YES;
				SWIFT_EMIT_LOC_STRINGS = NO;
				SWIFT_UPCOMING_FEATURE_MEMBER_IMPORT_VISIBILITY = YES;
				SWIFT_VERSION = 5.0;
				TARGETED_DEVICE_FAMILY = "1,2";
				TEST_TARGET_NAME = FutTrack;
			};
			name = Release;
		};
/* End XCBuildConfiguration section */

/* Begin XCConfigurationList section */
		18BD3FB32F87C36F002B238A /* Build configuration list for PBXProject "FutTrack" */ = {
			isa = XCConfigurationList;
			buildConfigurations = (
				18BD3FE42F87C372002B238A /* Debug */,
				18BD3FE52F87C372002B238A /* Release */,
			);
			defaultConfigurationIsVisible = 0;
			defaultConfigurationName = Release;
		};
		18BD3FE12F87C372002B238A /* Build configuration list for PBXNativeTarget "FutTrack" */ = {
			isa = XCConfigurationList;
			buildConfigurations = (
				18BD3FE22F87C372002B238A /* Debug */,
				18BD3FE32F87C372002B238A /* Release */,
			);
			defaultConfigurationIsVisible = 0;
			defaultConfigurationName = Release;
		};
		18BD3FE62F87C372002B238A /* Build configuration list for PBXNativeTarget "FutTrackTests" */ = {
			isa = XCConfigurationList;
			buildConfigurations = (
				18BD3FE72F87C372002B238A /* Debug */,
				18BD3FE82F87C372002B238A /* Release */,
			);
			defaultConfigurationIsVisible = 0;
			defaultConfigurationName = Release;
		};
		18BD3FE92F87C372002B238A /* Build configuration list for PBXNativeTarget "FutTrackUITests" */ = {
			isa = XCConfigurationList;
			buildConfigurations = (
				18BD3FEA2F87C372002B238A /* Debug */,
				18BD3FEB2F87C372002B238A /* Release */,
			);
			defaultConfigurationIsVisible = 0;
			defaultConfigurationName = Release;
		};
/* End XCConfigurationList section */
	};
	rootObject = 18BD3FB02F87C36F002B238A /* Project object */;
}
